
Microsoft Visual Studio Solution File, Format Version 12.00
# Visual Studio 15
VisualStudioVersion = 15.0.28307.779
MinimumVisualStudioVersion = 10.0.40219.1
Project("{FAE04EC0-301F-11D3-BF4B-00C04F79EFBC}") = "livegg_gui", "livegg_gui\livegg_gui.csproj", "{763CC7D1-631B-48F7-A901-DD4EF3444036}"
EndProject
Global
	GlobalSection(SolutionConfigurationPlatforms) = preSolution
		Debug|Any CPU = Debug|Any CPU
		Release|Any CPU = Release|Any CPU
	EndGlobalSection
	GlobalSection(ProjectConfigurationPlatforms) = postSolution
		{763CC7D1-631B-48F7-A901-DD4EF3444036}.Debug|Any CPU.ActiveCfg = Debug|Any CPU
		{763CC7D1-631B-48F7-A901-DD4EF3444036}.Debug|Any CPU.Build.0 = Debug|Any CPU
		{763CC7D1-631B-48F7-A901-DD4EF3444036}.Release|Any CPU.ActiveCfg = Release|Any CPU
		{763CC7D1-631B-48F7-A901-DD4EF3444036}.Release|Any CPU.Build.0 = Release|Any CPU
	EndGlobalSection
	GlobalSection(SolutionProperties) = preSolution
		HideSolutionNode = FALSE
	EndGlobalSection
	GlobalSection(ExtensibilityGlobals) = postSolution
		SolutionGuid = {0AAA28EF-E11A-4508-BDE4-29C2AC992405}
	EndGlobalSection
EndGlobal
